
Microsoft Visual Studio Solution File, Format Version 12.00
# Visual Studio 14
VisualStudioVersion = 14.0.25420.1
MinimumVisualStudioVersion = 10.0.40219.1
Project("{8BC9CEB8-8B4A-11D0-8D11-00A0C91BC942}") = "cppbestpractices1", "src\bestpracties1\bestpracties1.vcxproj", "{3D63138A-620D-4094-81EB-0442BD009F55}"
EndProject
Project("{8BC9CEB8-8B4A-11D0-8D11-00A0C91BC942}") = "cppbestpractices2", "src\bestpracties2\bestpracties2.vcxproj", "{F92503EA-A8A0-4270-9596-81B1695D9A20}"
EndProject
Global
	GlobalSection(SolutionConfigurationPlatforms) = preSolution
		Debug|x64 = Debug|x64
		Debug|x86 = Debug|x86
		Release|x64 = Release|x64
		Release|x86 = Release|x86
	EndGlobalSection
	GlobalSection(ProjectConfigurationPlatforms) = postSolution
		{3D63138A-620D-4094-81EB-0442BD009F55}.Debug|x64.ActiveCfg = Debug|x64
		{3D63138A-620D-4094-81EB-0442BD009F55}.Debug|x64.Build.0 = Debug|x64
		{3D63138A-620D-4094-81EB-0442BD009F55}.Debug|x86.ActiveCfg = Debug|Win32
		{3D63138A-620D-4094-81EB-0442BD009F55}.Debug|x86.Build.0 = Debug|Win32
		{3D63138A-620D-4094-81EB-0442BD009F55}.Release|x64.ActiveCfg = Release|x64
		{3D63138A-620D-4094-81EB-0442BD009F55}.Release|x64.Build.0 = Release|x64
		{3D63138A-620D-4094-81EB-0442BD009F55}.Release|x86.ActiveCfg = Release|Win32
		{3D63138A-620D-4094-81EB-0442BD009F55}.Release|x86.Build.0 = Release|Win32
		{F92503EA-A8A0-4270-9596-81B1695D9A20}.Debug|x64.ActiveCfg = Debug|x64
		{F92503EA-A8A0-4270-9596-81B1695D9A20}.Debug|x64.Build.0 = Debug|x64
		{F92503EA-A8A0-4270-9596-81B1695D9A20}.Debug|x86.ActiveCfg = Debug|Win32
		{F92503EA-A8A0-4270-9596-81B1695D9A20}.Debug|x86.Build.0 = Debug|Win32
		{F92503EA-A8A0-4270-9596-81B1695D9A20}.Release|x64.ActiveCfg = Release|x64
		{F92503EA-A8A0-4270-9596-81B1695D9A20}.Release|x64.Build.0 = Release|x64
		{F92503EA-A8A0-4270-9596-81B1695D9A20}.Release|x86.ActiveCfg = Release|Win32
		{F92503EA-A8A0-4270-9596-81B1695D9A20}.Release|x86.Build.0 = Release|Win32
	EndGlobalSection
	GlobalSection(SolutionProperties) = preSolution
		HideSolutionNode = FALSE
	EndGlobalSection
EndGlobal
